# THIS IS AN AUTOGENERATED FILE. DO NOT EDIT THIS FILE DIRECTLY.
# yarn lockfile v1


"@material-design-icons/font@^0.14.13":
  "integrity" "sha512-qU5Zms9VUdxxq4oC7lY+Eibz+O6YjmctGZKToUfqQOC4qVkbUNksu+0UizFBdbtx8euERZ3GGcFoN6F9LeXSMw=="
  "resolved" "https://registry.npmjs.org/@material-design-icons/font/-/font-0.14.13.tgz"
  "version" "0.14.13"

"prettier@3.0.3":
  "integrity" "sha512-L/4pUDMxcNa8R/EthV08Zt42WBO4h1rarVtK0K+QJG0X187OLo7l699jWw0GKuwzkPQ//jMFA/8Xm6Fh3J/DAg=="
  "resolved" "https://registry.npmjs.org/prettier/-/prettier-3.0.3.tgz"
  "version" "3.0.3"
